
Microsoft Visual Studio Solution File, Format Version 12.00
# Visual Studio Version 16
VisualStudioVersion = 16.0.30002.166
MinimumVisualStudioVersion = 10.0.40219.1
Project("{FAE04EC0-301F-11D3-BF4B-00C04F79EFBC}") = "ManagedEsentMapper", "ManagedEsentMapper\ManagedEsentMapper.csproj", "{670BE66F-E5B5-4716-88A5-D06403EBF3A4}"
EndProject
Project("{FAE04EC0-301F-11D3-BF4B-00C04F79EFBC}") = "StockSample", "StockSample\StockSample.csproj", "{03B167D2-097D-4185-85CA-866D2525B083}"
EndProject
Project("{FAE04EC0-301F-11D3-BF4B-00C04F79EFBC}") = "ManagedEsentMapper.IntegrationTests", "ManagedEsentMapper.IntegrationTests\ManagedEsentMapper.IntegrationTests.csproj", "{6CEB0924-6FCA-4640-94F8-B10D9E6F6823}"
EndProject
Project("{FAE04EC0-301F-11D3-BF4B-00C04F79EFBC}") = "ManagedEsentMapper.Standard", "ManagedEsentMapper.Standard\ManagedEsentMapper.Standard.csproj", "{D426A70A-73B6-498B-ADE6-B96233710414}"
EndProject
Global
	GlobalSection(SolutionConfigurationPlatforms) = preSolution
		Debug|Any CPU = Debug|Any CPU
		Release|Any CPU = Release|Any CPU
	EndGlobalSection
	GlobalSection(ProjectConfigurationPlatforms) = postSolution
		{670BE66F-E5B5-4716-88A5-D06403EBF3A4}.Debug|Any CPU.ActiveCfg = Debug|Any CPU
		{670BE66F-E5B5-4716-88A5-D06403EBF3A4}.Debug|Any CPU.Build.0 = Debug|Any CPU
		{670BE66F-E5B5-4716-88A5-D06403EBF3A4}.Release|Any CPU.ActiveCfg = Release|Any CPU
		{670BE66F-E5B5-4716-88A5-D06403EBF3A4}.Release|Any CPU.Build.0 = Release|Any CPU
		{03B167D2-097D-4185-85CA-866D2525B083}.Debug|Any CPU.ActiveCfg = Debug|Any CPU
		{03B167D2-097D-4185-85CA-866D2525B083}.Debug|Any CPU.Build.0 = Debug|Any CPU
		{03B167D2-097D-4185-85CA-866D2525B083}.Release|Any CPU.ActiveCfg = Release|Any CPU
		{03B167D2-097D-4185-85CA-866D2525B083}.Release|Any CPU.Build.0 = Release|Any CPU
		{6CEB0924-6FCA-4640-94F8-B10D9E6F6823}.Debug|Any CPU.ActiveCfg = Debug|Any CPU
		{6CEB0924-6FCA-4640-94F8-B10D9E6F6823}.Debug|Any CPU.Build.0 = Debug|Any CPU
		{6CEB0924-6FCA-4640-94F8-B10D9E6F6823}.Release|Any CPU.ActiveCfg = Release|Any CPU
		{6CEB0924-6FCA-4640-94F8-B10D9E6F6823}.Release|Any CPU.Build.0 = Release|Any CPU
		{D426A70A-73B6-498B-ADE6-B96233710414}.Debug|Any CPU.ActiveCfg = Debug|Any CPU
		{D426A70A-73B6-498B-ADE6-B96233710414}.Debug|Any CPU.Build.0 = Debug|Any CPU
		{D426A70A-73B6-498B-ADE6-B96233710414}.Release|Any CPU.ActiveCfg = Release|Any CPU
		{D426A70A-73B6-498B-ADE6-B96233710414}.Release|Any CPU.Build.0 = Release|Any CPU
	EndGlobalSection
	GlobalSection(SolutionProperties) = preSolution
		HideSolutionNode = FALSE
	EndGlobalSection
	GlobalSection(ExtensibilityGlobals) = postSolution
		SolutionGuid = {98051890-44A3-49B6-A443-C58F70A47F67}
	EndGlobalSection
EndGlobal
